// !$*UTF8*$!
{
	archiveVersion = 1;
	classes = {
	};
	objectVersion = 46;
	objects = {

/* Begin PBXBuildFile section */
		BFB90D201D58E137009BFBCA /* AppDelegate.swift in Sources */ = {isa = PBXBuildFile; fileRef = BFB90D1F1D58E137009BFBCA /* AppDelegate.swift */; };
		BFB90D221D58E137009BFBCA /* ViewController.swift in Sources */ = {isa = PBXBuildFile; fileRef = BFB90D211D58E137009BFBCA /* ViewController.swift */; };
		BFB90D251D58E137009BFBCA /* Main.storyboard in Resources */ = {isa = PBXBuildFile; fileRef = BFB90D231D58E137009BFBCA /* Main.storyboard */; };
		BFB90D271D58E137009BFBCA /* Assets.xcassets in Resources */ = {isa = PBXBuildFile; fileRef = BFB90D261D58E137009BFBCA /* Assets.xcassets */; };
		BFB90D2A1D58E137009BFBCA /* LaunchScreen.storyboard in Resources */ = {isa = PBXBuildFile; fileRef = BFB90D281D58E137009BFBCA /* LaunchScreen.storyboard */; };
		BFD8DBFB1D624E360060151A /* btn.wav in Resources */ = {isa = PBXBuildFile; fileRef = BFD8DBFA1D624E360060151A /* btn.wav */; };
/* End PBXBuildFile section */

/* Begin PBXFileReference section */
		BFB90D1C1D58E137009BFBCA /* calculator.app */ = {isa = PBXFileReference; explicitFileType = wrapper.application; includeInIndex = 0; path = calculator.app; sourceTree = BUILT_PRODUCTS_DIR; };
		BFB90D1F1D58E137009BFBCA /* AppDelegate.swift */ = {isa = PBXFileReference; lastKnownFileType = sourcecode.swift; path = AppDelegate.swift; sourceTree = "<group>"; };
		BFB90D211D58E137009BFBCA /* ViewController.swift */ = {isa = PBXFileReference; lastKnownFileType = sourcecode.swift; path = ViewController.swift; sourceTree = "<group>"; };
		BFB90D241D58E137009BFBCA /* Base */ = {isa = PBXFileReference; lastKnownFileType = file.storyboard; name = Base; path = Base.lproj/Main.storyboard; sourceTree = "<group>"; };
		BFB90D261D58E137009BFBCA /* Assets.xcassets */ = {isa = PBXFileReference; lastKnownFileType = folder.assetcatalog; path = Assets.xcassets; sourceTree = "<group>"; };
		BFB90D291D58E137009BFBCA /* Base */ = {isa = PBXFileReference; lastKnownFileType = file.storyboard; name = Base; path = Base.lproj/LaunchScreen.storyboard; sourceTree = "<group>"; };
		BFB90D2B1D58E137009BFBCA /* Info.plist */ = {isa = PBXFileReference; lastKnownFileType = text.plist.xml; path = Info.plist; sourceTree = "<group>"; };
		BFD8DBFA1D624E360060151A /* btn.wav */ = {isa = PBXFileReference; lastKnownFileType = audio.wav; path = btn.wav; sourceTree = "<group>"; };
/* End PBXFileReference section */

/* Begin PBXFrameworksBuildPhase section */
		BFB90D191D58E137009BFBCA /* Frameworks */ = {
			isa = PBXFrameworksBuildPhase;
			buildActionMask = 2147483647;
			files = (
			);
			runOnlyForDeploymentPostprocessing = 0;
		};
/* End PBXFrameworksBuildPhase section */

/* Begin PBXGroup section */
		BFB90D131D58E137009BFBCA = {
			isa = PBXGroup;
			children = (
				BFB90D1E1D58E137009BFBCA /* calculator */,
				BFB90D1D1D58E137009BFBCA /* Products */,
			);
			sourceTree = "<group>";
		};
		BFB90D1D1D58E137009BFBCA /* Products */ = {
			isa = PBXGroup;
			children = (
				BFB90D1C1D58E137009BFBCA /* calculator.app */,
			);
			name = Products;
			sourceTree = "<group>";
		};
		BFB90D1E1D58E137009BFBCA /* calculator */ = {
			isa = PBXGroup;
			children = (
				BFB90D1F1D58E137009BFBCA /* AppDelegate.swift */,
				BFD8DBFA1D624E360060151A /* btn.wav */,
				BFB90D211D58E137009BFBCA /* ViewController.swift */,
				BFB90D231D58E137009BFBCA /* Main.storyboard */,
				BFB90D261D58E137009BFBCA /* Assets.xcassets */,
				BFB90D281D58E137009BFBCA /* LaunchScreen.storyboard */,
				BFB90D2B1D58E137009BFBCA /* Info.plist */,
			);
			path = calculator;
			sourceTree = "<group>";
		};
/* End PBXGroup section */

/* Begin PBXNativeTarget section */
		BFB90D1B1D58E137009BFBCA /* calculator */ = {
			isa = PBXNativeTarget;
			buildConfigurationList = BFB90D2E1D58E137009BFBCA /* Build configuration list for PBXNativeTarget "calculator" */;
			buildPhases = (
				BFB90D181D58E137009BFBCA /* Sources */,
				BFB90D191D58E137009BFBCA /* Frameworks */,
				BFB90D1A1D58E137009BFBCA /* Resources */,
			);
			buildRules = (
			);
			dependencies = (
			);
			name = calculator;
			productName = calculator;
			productReference = BFB90D1C1D58E137009BFBCA /* calculator.app */;
			productType = "com.apple.product-type.application";
		};
/* End PBXNativeTarget section */

/* Begin PBXProject section */
		BFB90D141D58E137009BFBCA /* Project object */ = {
			isa = PBXProject;
			attributes = {
				LastSwiftUpdateCheck = 0730;
				LastUpgradeCheck = 0730;
				ORGANIZATIONNAME = "Kacy McKibben";
				TargetAttributes = {
					BFB90D1B1D58E137009BFBCA = {
						CreatedOnToolsVersion = 7.3.1;
					};
				};
			};
			buildConfigurationList = BFB90D171D58E137009BFBCA /* Build configuration list for PBXProject "calculator" */;
			compatibilityVersion = "Xcode 3.2";
			developmentRegion = English;
			hasScannedForEncodings = 0;
			knownRegions = (
				en,
				Base,
			);
			mainGroup = BFB90D131D58E137009BFBCA;
			productRefGroup = BFB90D1D1D58E137009BFBCA /* Products */;
			projectDirPath = "";
			projectRoot = "";
			targets = (
				BFB90D1B1D58E137009BFBCA /* calculator */,
			);
		};
/* End PBXProject section */

/* Begin PBXResourcesBuildPhase section */
		BFB90D1A1D58E137009BFBCA /* Resources */ = {
			isa = PBXResourcesBuildPhase;
			buildActionMask = 2147483647;
			files = (
				BFB90D2A1D58E137009BFBCA /* LaunchScreen.storyboard in Resources */,
				BFB90D271D58E137009BFBCA /* Assets.xcassets in Resources */,
				BFB90D251D58E137009BFBCA /* Main.storyboard in Resources */,
				BFD8DBFB1D624E360060151A /* btn.wav in Resources */,
			);
			runOnlyForDeploymentPostprocessing = 0;
		};
/* End PBXResourcesBuildPhase section */

/* Begin PBXSourcesBuildPhase section */
		BFB90D181D58E137009BFBCA /* Sources */ = {
			isa = PBXSourcesBuildPhase;
			buildActionMask = 2147483647;
			files = (
				BFB90D221D58E137009BFBCA /* ViewController.swift in Sources */,
				BFB90D201D58E137009BFBCA /* AppDelegate.swift in Sources */,
			);
			runOnlyForDeploymentPostprocessing = 0;
		};
/* End PBXSourcesBuildPhase section */

/* Begin PBXVariantGroup section */
		BFB90D231D58E137009BFBCA /* Main.storyboard */ = {
			isa = PBXVariantGroup;
			children = (
				BFB90D241D58E137009BFBCA /* Base */,
			);
			name = Main.storyboard;
			sourceTree = "<group>";
		};
		BFB90D281D58E137009BFBCA /* LaunchScreen.storyboard */ = {
			isa = PBXVariantGroup;
			children = (
				BFB90D291D58E137009BFBCA /* Base */,
			);
			name = LaunchScreen.storyboard;
			sourceTree = "<group>";
		};
/* End PBXVariantGroup section */

/* Begin XCBuildConfiguration section */
		BFB90D2C1D58E137009BFBCA /* Debug */ = {
			isa = XCBuildConfiguration;
			buildSettings = {
				ALWAYS_SEARCH_USER_PATHS = NO;
				CLANG_ANALYZER_NONNULL = YES;
				CLANG_CXX_LANGUAGE_STANDARD = "gnu++0x";
				CLANG_CXX_LIBRARY = "libc++";
				CLANG_ENABLE_MODULES = YES;
				CLANG_ENABLE_OBJC_ARC = YES;
				CLANG_WARN_BOOL_CONVERSION = YES;
				CLANG_WARN_CONSTANT_CONVERSION = YES;
				CLANG_WARN_DIRECT_OBJC_ISA_USAGE = YES_ERROR;
				CLANG_WARN_EMPTY_BODY = YES;
				CLANG_WARN_ENUM_CONVERSION = YES;
				CLANG_WARN_INT_CONVERSION = YES;
				CLANG_WARN_OBJC_ROOT_CLASS = YES_ERROR;
				CLANG_WARN_UNREACHABLE_CODE = YES;
				CLANG_WARN__DUPLICATE_METHOD_MATCH = YES;
				"CODE_SIGN_IDENTITY[sdk=iphoneos*]" = "iPhone Developer";
				COPY_PHASE_STRIP = NO;
				DEBUG_INFORMATION_FORMAT = dwarf;
				ENABLE_STRICT_OBJC_MSGSEND = YES;
				ENABLE_TESTABILITY = YES;
				GCC_C_LANGUAGE_STANDARD = gnu99;
				GCC_DYNAMIC_NO_PIC = NO;
				GCC_NO_COMMON_BLOCKS = YES;
				GCC_OPTIMIZATION_LEVEL = 0;
				GCC_PREPROCESSOR_DEFINITIONS = (
					"DEBUG=1",
					"$(inherited)",
				);
				GCC_WARN_64_TO_32_BIT_CONVERSION = YES;
				GCC_WARN_ABOUT_RETURN_TYPE = YES_ERROR;
				GCC_WARN_UNDECLARED_SELECTOR = YES;
				GCC_WARN_UNINITIALIZED_AUTOS = YES_AGGRESSIVE;
				GCC_WARN_UNUSED_FUNCTION = YES;
				GCC_WARN_UNUSED_VARIABLE = YES;
				IPHONEOS_DEPLOYMENT_TARGET = 9.3;
				MTL_ENABLE_DEBUG_INFO = YES;
				ONLY_ACTIVE_ARCH = YES;
				SDKROOT = iphoneos;
				SWIFT_OPTIMIZATION_LEVEL = "-Onone";
			};
			name = Debug;
		};
		BFB90D2D1D58E137009BFBCA /* Release */ = {
			isa = XCBuildConfiguration;
			buildSettings = {
				ALWAYS_SEARCH_USER_PATHS = NO;
				CLANG_ANALYZER_NONNULL = YES;
				CLANG_CXX_LANGUAGE_STANDARD = "gnu++0x";
				CLANG_CXX_LIBRARY = "libc++";
				CLANG_ENABLE_MODULES = YES;
				CLANG_ENABLE_OBJC_ARC = YES;
				CLANG_WARN_BOOL_CONVERSION = YES;
				CLANG_WARN_CONSTANT_CONVERSION = YES;
				CLANG_WARN_DIRECT_OBJC_ISA_USAGE = YES_ERROR;
				CLANG_WARN_EMPTY_BODY = YES;
				CLANG_WARN_ENUM_CONVERSION = YES;
				CLANG_WARN_INT_CONVERSION = YES;
				CLANG_WARN_OBJC_ROOT_CLASS = YES_ERROR;
				CLANG_WARN_UNREACHABLE_CODE = YES;
				CLANG_WARN__DUPLICATE_METHOD_MATCH = YES;
				"CODE_SIGN_IDENTITY[sdk=iphoneos*]" = "iPhone Developer";
				COPY_PHASE_STRIP = NO;
				DEBUG_INFORMATION_FORMAT = "dwarf-with-dsym";
				ENABLE_NS_ASSERTIONS = NO;
				ENABLE_STRICT_OBJC_MSGSEND = YES;
				GCC_C_LANGUAGE_STANDARD = gnu99;
				GCC_NO_COMMON_BLOCKS = YES;
				GCC_WARN_64_TO_32_BIT_CONVERSION = YES;
				GCC_WARN_ABOUT_RETURN_TYPE = YES_ERROR;
				GCC_WARN_UNDECLARED_SELECTOR = YES;
				GCC_WARN_UNINITIALIZED_AUTOS = YES_AGGRESSIVE;
				GCC_WARN_UNUSED_FUNCTION = YES;
				GCC_WARN_UNUSED_VARIABLE = YES;
				IPHONEOS_DEPLOYMENT_TARGET = 9.3;
				MTL_ENABLE_DEBUG_INFO = NO;
				SDKROOT = iphoneos;
				VALIDATE_PRODUCT = YES;
			};
			name = Release;
		};
		BFB90D2F1D58E137009BFBCA /* Debug */ = {
			isa = XCBuildConfiguration;
			buildSettings = {
				ASSETCATALOG_COMPILER_APPICON_NAME = AppIcon;
				INFOPLIST_FILE = calculator/Info.plist;
				LD_RUNPATH_SEARCH_PATHS = "$(inherited) @executable_path/Frameworks";
				PRODUCT_BUNDLE_IDENTIFIER = com.kacymckibben.calculator;
				PRODUCT_NAME = "$(TARGET_NAME)";
			};
			name = Debug;
		};
		BFB90D301D58E137009BFBCA /* Release */ = {
			isa = XCBuildConfiguration;
			buildSettings = {
				ASSETCATALOG_COMPILER_APPICON_NAME = AppIcon;
				INFOPLIST_FILE = calculator/Info.plist;
				LD_RUNPATH_SEARCH_PATHS = "$(inherited) @executable_path/Frameworks";
				PRODUCT_BUNDLE_IDENTIFIER = com.kacymckibben.calculator;
				PRODUCT_NAME = "$(TARGET_NAME)";
			};
			name = Release;
		};
/* End XCBuildConfiguration section */

/* Begin XCConfigurationList section */
		BFB90D171D58E137009BFBCA /* Build configuration list for PBXProject "calculator" */ = {
			isa = XCConfigurationList;
			buildConfigurations = (
				BFB90D2C1D58E137009BFBCA /* Debug */,
				BFB90D2D1D58E137009BFBCA /* Release */,
			);
			defaultConfigurationIsVisible = 0;
			defaultConfigurationName = Release;
		};
		BFB90D2E1D58E137009BFBCA /* Build configuration list for PBXNativeTarget "calculator" */ = {
			isa = XCConfigurationList;
			buildConfigurations = (
				BFB90D2F1D58E137009BFBCA /* Debug */,
				BFB90D301D58E137009BFBCA /* Release */,
			);
			defaultConfigurationIsVisible = 0;
			defaultConfigurationName = Release;
		};
/* End XCConfigurationList section */
	};
	rootObject = BFB90D141D58E137009BFBCA /* Project object */;
}
